
Microsoft Visual Studio Solution File, Format Version 12.00
# Visual Studio Version 16
VisualStudioVersion = 16.0.32929.386
MinimumVisualStudioVersion = 10.0.40219.1
Project("{9A19103F-16F7-4668-BE54-9A1E7A4F7556}") = "RandomsGeneAssistant", "RandomsGeneAssistant.csproj", "{13846394-4511-45FD-99F9-7530CF9C1B77}"
EndProject
Global
	GlobalSection(SolutionConfigurationPlatforms) = preSolution
		Debug|Any CPU = Debug|Any CPU
		Release|Any CPU = Release|Any CPU
	EndGlobalSection
	GlobalSection(ProjectConfigurationPlatforms) = postSolution
		{13846394-4511-45FD-99F9-7530CF9C1B77}.Debug|Any CPU.ActiveCfg = Release|Any CPU
		{13846394-4511-45FD-99F9-7530CF9C1B77}.Debug|Any CPU.Build.0 = Release|Any CPU
		{13846394-4511-45FD-99F9-7530CF9C1B77}.Release|Any CPU.ActiveCfg = Release|Any CPU
		{13846394-4511-45FD-99F9-7530CF9C1B77}.Release|Any CPU.Build.0 = Release|Any CPU
	EndGlobalSection
	GlobalSection(SolutionProperties) = preSolution
		HideSolutionNode = FALSE
	EndGlobalSection
	GlobalSection(ExtensibilityGlobals) = postSolution
		SolutionGuid = {9059C15D-1167-4212-9877-1BD888CACA2C}
	EndGlobalSection
EndGlobal
